
Microsoft Visual Studio Solution File, Format Version 12.00
# Visual Studio 14
VisualStudioVersion = 14.0.25420.1
MinimumVisualStudioVersion = 10.0.40219.1
Project("{2150E333-8FDC-42A3-9474-1A3956D46DE8}") = "Web", "Web", "{54E3E342-2526-43FA-8B7F-6A5A0C577AEE}"
EndProject
Project("{FAE04EC0-301F-11D3-BF4B-00C04F79EFBC}") = "FamousQuoteQuiz.Web", "FamousQuoteQuiz.Web\FamousQuoteQuiz.Web.csproj", "{6E1A9F9D-D617-4EF3-BB74-6D2B284AC1E4}"
EndProject
Project("{2150E333-8FDC-42A3-9474-1A3956D46DE8}") = "Data", "Data", "{0FCE43CD-E9F6-4529-B463-89F164608425}"
EndProject
Project("{FAE04EC0-301F-11D3-BF4B-00C04F79EFBC}") = "FamousQuoteQuiz.Data", "FamousQuoteQuiz.Data\FamousQuoteQuiz.Data.csproj", "{85730E27-B973-425D-98A1-E8FFED94C3C1}"
EndProject
Project("{FAE04EC0-301F-11D3-BF4B-00C04F79EFBC}") = "FamousQuoteQuiz.Models", "FamousQuoteQuiz.Models\FamousQuoteQuiz.Models.csproj", "{B11B624B-C9A7-4303-ACC9-FA998676145D}"
EndProject
Project("{2150E333-8FDC-42A3-9474-1A3956D46DE8}") = "Services", "Services", "{5DEC3D84-64E5-4073-AA87-12DF5537894C}"
EndProject
Project("{FAE04EC0-301F-11D3-BF4B-00C04F79EFBC}") = "FamousQuoteQuiz.Services", "FamousQuoteQuiz.Services\FamousQuoteQuiz.Services.csproj", "{BB758482-DAA0-4C27-A2EC-93AF0A940EEA}"
EndProject
Project("{2150E333-8FDC-42A3-9474-1A3956D46DE8}") = "Utils", "Utils", "{62901C1A-96A1-4405-A68E-54A27DBD371B}"
EndProject
Project("{FAE04EC0-301F-11D3-BF4B-00C04F79EFBC}") = "FamousQuoteQuiz.Utils", "FamousQuoteQuiz.Utils\FamousQuoteQuiz.Utils.csproj", "{EF402978-E5DD-49F7-8C4B-56B92C2B6CEA}"
EndProject
Project("{2150E333-8FDC-42A3-9474-1A3956D46DE8}") = "Tests", "Tests", "{866E57FA-4283-41B1-BC69-743764EACE4F}"
EndProject
Project("{FAE04EC0-301F-11D3-BF4B-00C04F79EFBC}") = "FamousQuoteQuiz.Data.Tests", "FamousQuoteQuiz.Data.Tests\FamousQuoteQuiz.Data.Tests.csproj", "{2AFF103F-7528-4125-BAA5-C5A6E73117C8}"
EndProject
Project("{FAE04EC0-301F-11D3-BF4B-00C04F79EFBC}") = "FamousQuoteQuiz.Tests.Common", "FamousQuoteQuiz.Tests.Common\FamousQuoteQuiz.Tests.Common.csproj", "{FB108173-0904-4AF0-9CBC-188DEC91C30C}"
EndProject
Project("{FAE04EC0-301F-11D3-BF4B-00C04F79EFBC}") = "FamousQuoteQuiz.Models.Tests", "FamousQuoteQuiz.Models.Tests\FamousQuoteQuiz.Models.Tests.csproj", "{C1A9B819-29F1-4ED1-8D98-02CB7D13BB29}"
EndProject
Project("{FAE04EC0-301F-11D3-BF4B-00C04F79EFBC}") = "FamousQuoteQuiz.Services.Tests", "FamousQuoteQuiz.Services.Tests\FamousQuoteQuiz.Services.Tests.csproj", "{D0E16A49-4580-416D-A577-A1A635B7395C}"
EndProject
Project("{FAE04EC0-301F-11D3-BF4B-00C04F79EFBC}") = "FamousQuoteQuiz.Web.Tests", "FamousQuoteQuiz.Web.Tests\FamousQuoteQuiz.Web.Tests.csproj", "{FFA64CFC-D8E2-4DAC-BF86-E7A167834FF8}"
EndProject
Global
	GlobalSection(SolutionConfigurationPlatforms) = preSolution
		Debug|Any CPU = Debug|Any CPU
		Release|Any CPU = Release|Any CPU
	EndGlobalSection
	GlobalSection(ProjectConfigurationPlatforms) = postSolution
		{6E1A9F9D-D617-4EF3-BB74-6D2B284AC1E4}.Debug|Any CPU.ActiveCfg = Debug|Any CPU
		{6E1A9F9D-D617-4EF3-BB74-6D2B284AC1E4}.Debug|Any CPU.Build.0 = Debug|Any CPU
		{6E1A9F9D-D617-4EF3-BB74-6D2B284AC1E4}.Release|Any CPU.ActiveCfg = Release|Any CPU
		{6E1A9F9D-D617-4EF3-BB74-6D2B284AC1E4}.Release|Any CPU.Build.0 = Release|Any CPU
		{85730E27-B973-425D-98A1-E8FFED94C3C1}.Debug|Any CPU.ActiveCfg = Debug|Any CPU
		{85730E27-B973-425D-98A1-E8FFED94C3C1}.Debug|Any CPU.Build.0 = Debug|Any CPU
		{85730E27-B973-425D-98A1-E8FFED94C3C1}.Release|Any CPU.ActiveCfg = Release|Any CPU
		{85730E27-B973-425D-98A1-E8FFED94C3C1}.Release|Any CPU.Build.0 = Release|Any CPU
		{B11B624B-C9A7-4303-ACC9-FA998676145D}.Debug|Any CPU.ActiveCfg = Debug|Any CPU
		{B11B624B-C9A7-4303-ACC9-FA998676145D}.Debug|Any CPU.Build.0 = Debug|Any CPU
		{B11B624B-C9A7-4303-ACC9-FA998676145D}.Release|Any CPU.ActiveCfg = Release|Any CPU
		{B11B624B-C9A7-4303-ACC9-FA998676145D}.Release|Any CPU.Build.0 = Release|Any CPU
		{BB758482-DAA0-4C27-A2EC-93AF0A940EEA}.Debug|Any CPU.ActiveCfg = Debug|Any CPU
		{BB758482-DAA0-4C27-A2EC-93AF0A940EEA}.Debug|Any CPU.Build.0 = Debug|Any CPU
		{BB758482-DAA0-4C27-A2EC-93AF0A940EEA}.Release|Any CPU.ActiveCfg = Release|Any CPU
		{BB758482-DAA0-4C27-A2EC-93AF0A940EEA}.Release|Any CPU.Build.0 = Release|Any CPU
		{EF402978-E5DD-49F7-8C4B-56B92C2B6CEA}.Debug|Any CPU.ActiveCfg = Debug|Any CPU
		{EF402978-E5DD-49F7-8C4B-56B92C2B6CEA}.Debug|Any CPU.Build.0 = Debug|Any CPU
		{EF402978-E5DD-49F7-8C4B-56B92C2B6CEA}.Release|Any CPU.ActiveCfg = Release|Any CPU
		{EF402978-E5DD-49F7-8C4B-56B92C2B6CEA}.Release|Any CPU.Build.0 = Release|Any CPU
		{2AFF103F-7528-4125-BAA5-C5A6E73117C8}.Debug|Any CPU.ActiveCfg = Debug|Any CPU
		{2AFF103F-7528-4125-BAA5-C5A6E73117C8}.Debug|Any CPU.Build.0 = Debug|Any CPU
		{2AFF103F-7528-4125-BAA5-C5A6E73117C8}.Release|Any CPU.ActiveCfg = Release|Any CPU
		{2AFF103F-7528-4125-BAA5-C5A6E73117C8}.Release|Any CPU.Build.0 = Release|Any CPU
		{FB108173-0904-4AF0-9CBC-188DEC91C30C}.Debug|Any CPU.ActiveCfg = Debug|Any CPU
		{FB108173-0904-4AF0-9CBC-188DEC91C30C}.Debug|Any CPU.Build.0 = Debug|Any CPU
		{FB108173-0904-4AF0-9CBC-188DEC91C30C}.Release|Any CPU.ActiveCfg = Release|Any CPU
		{FB108173-0904-4AF0-9CBC-188DEC91C30C}.Release|Any CPU.Build.0 = Release|Any CPU
		{C1A9B819-29F1-4ED1-8D98-02CB7D13BB29}.Debug|Any CPU.ActiveCfg = Debug|Any CPU
		{C1A9B819-29F1-4ED1-8D98-02CB7D13BB29}.Debug|Any CPU.Build.0 = Debug|Any CPU
		{C1A9B819-29F1-4ED1-8D98-02CB7D13BB29}.Release|Any CPU.ActiveCfg = Release|Any CPU
		{C1A9B819-29F1-4ED1-8D98-02CB7D13BB29}.Release|Any CPU.Build.0 = Release|Any CPU
		{D0E16A49-4580-416D-A577-A1A635B7395C}.Debug|Any CPU.ActiveCfg = Debug|Any CPU
		{D0E16A49-4580-416D-A577-A1A635B7395C}.Debug|Any CPU.Build.0 = Debug|Any CPU
		{D0E16A49-4580-416D-A577-A1A635B7395C}.Release|Any CPU.ActiveCfg = Release|Any CPU
		{D0E16A49-4580-416D-A577-A1A635B7395C}.Release|Any CPU.Build.0 = Release|Any CPU
		{FFA64CFC-D8E2-4DAC-BF86-E7A167834FF8}.Debug|Any CPU.ActiveCfg = Debug|Any CPU
		{FFA64CFC-D8E2-4DAC-BF86-E7A167834FF8}.Debug|Any CPU.Build.0 = Debug|Any CPU
		{FFA64CFC-D8E2-4DAC-BF86-E7A167834FF8}.Release|Any CPU.ActiveCfg = Release|Any CPU
		{FFA64CFC-D8E2-4DAC-BF86-E7A167834FF8}.Release|Any CPU.Build.0 = Release|Any CPU
	EndGlobalSection
	GlobalSection(SolutionProperties) = preSolution
		HideSolutionNode = FALSE
	EndGlobalSection
	GlobalSection(NestedProjects) = preSolution
		{6E1A9F9D-D617-4EF3-BB74-6D2B284AC1E4} = {54E3E342-2526-43FA-8B7F-6A5A0C577AEE}
		{85730E27-B973-425D-98A1-E8FFED94C3C1} = {0FCE43CD-E9F6-4529-B463-89F164608425}
		{B11B624B-C9A7-4303-ACC9-FA998676145D} = {0FCE43CD-E9F6-4529-B463-89F164608425}
		{BB758482-DAA0-4C27-A2EC-93AF0A940EEA} = {5DEC3D84-64E5-4073-AA87-12DF5537894C}
		{EF402978-E5DD-49F7-8C4B-56B92C2B6CEA} = {62901C1A-96A1-4405-A68E-54A27DBD371B}
		{2AFF103F-7528-4125-BAA5-C5A6E73117C8} = {866E57FA-4283-41B1-BC69-743764EACE4F}
		{FB108173-0904-4AF0-9CBC-188DEC91C30C} = {866E57FA-4283-41B1-BC69-743764EACE4F}
		{C1A9B819-29F1-4ED1-8D98-02CB7D13BB29} = {866E57FA-4283-41B1-BC69-743764EACE4F}
		{D0E16A49-4580-416D-A577-A1A635B7395C} = {866E57FA-4283-41B1-BC69-743764EACE4F}
		{FFA64CFC-D8E2-4DAC-BF86-E7A167834FF8} = {866E57FA-4283-41B1-BC69-743764EACE4F}
	EndGlobalSection
EndGlobal
