
Microsoft Visual Studio Solution File, Format Version 12.00
# Visual Studio 14
VisualStudioVersion = 14.0.25420.1
MinimumVisualStudioVersion = 10.0.40219.1
Project("{2150E333-8FDC-42A3-9474-1A3956D46DE8}") = "Web", "Web", "{54E3E342-2526-43FA-8B7F-6A5A0C577AEE}"
EndProject
Project("{FAE04EC0-301F-11D3-BF4B-00C04F79EFBC}") = "FamousQuoteQuiz.Web", "FamousQuoteQuiz.Web\FamousQuoteQuiz.Web.csproj", "{6E1A9F9D-D617-4EF3-BB74-6D2B284AC1E4}"
EndProject
Project("{2150E333-8FDC-42A3-9474-1A3956D46DE8}") = "Data", "Data", "{0FCE43CD-E9F6-4529-B463-89F164608425}"
EndProject
Project("{FAE04EC0-301F-11D3-BF4B-00C04F79EFBC}") = "FamousQuoteQuiz.Data", "FamousQuoteQuiz.Data\FamousQuoteQuiz.Data.csproj", "{85730E27-B973-425D-98A1-E8FFED94C3C1}"
EndProject
Project("{FAE04EC0-301F-11D3-BF4B-00C04F79EFBC}") = "FamousQuoteQuiz.Models", "FamousQuoteQuiz.Models\FamousQuoteQuiz.Models.csproj", "{B11B624B-C9A7-4303-ACC9-FA998676145D}"
EndProject
Project("{2150E333-8FDC-42A3-9474-1A3956D46DE8}") = "Services", "Services", "{5DEC3D84-64E5-4073-AA87-12DF5537894C}"
EndProject
Project("{FAE04EC0-301F-11D3-BF4B-00C04F79EFBC}") = "FamousQuoteQuiz.Services", "FamousQuoteQuiz.Services\FamousQuoteQuiz.Services.csproj", "{BB758482-DAA0-4C27-A2EC-93AF0A940EEA}"
EndProject
Global
	GlobalSection(SolutionConfigurationPlatforms) = preSolution
		Debug|Any CPU = Debug|Any CPU
		Release|Any CPU = Release|Any CPU
	EndGlobalSection
	GlobalSection(ProjectConfigurationPlatforms) = postSolution
		{6E1A9F9D-D617-4EF3-BB74-6D2B284AC1E4}.Debug|Any CPU.ActiveCfg = Debug|Any CPU
		{6E1A9F9D-D617-4EF3-BB74-6D2B284AC1E4}.Debug|Any CPU.Build.0 = Debug|Any CPU
		{6E1A9F9D-D617-4EF3-BB74-6D2B284AC1E4}.Release|Any CPU.ActiveCfg = Release|Any CPU
		{6E1A9F9D-D617-4EF3-BB74-6D2B284AC1E4}.Release|Any CPU.Build.0 = Release|Any CPU
		{85730E27-B973-425D-98A1-E8FFED94C3C1}.Debug|Any CPU.ActiveCfg = Debug|Any CPU
		{85730E27-B973-425D-98A1-E8FFED94C3C1}.Debug|Any CPU.Build.0 = Debug|Any CPU
		{85730E27-B973-425D-98A1-E8FFED94C3C1}.Release|Any CPU.ActiveCfg = Release|Any CPU
		{85730E27-B973-425D-98A1-E8FFED94C3C1}.Release|Any CPU.Build.0 = Release|Any CPU
		{B11B624B-C9A7-4303-ACC9-FA998676145D}.Debug|Any CPU.ActiveCfg = Debug|Any CPU
		{B11B624B-C9A7-4303-ACC9-FA998676145D}.Debug|Any CPU.Build.0 = Debug|Any CPU
		{B11B624B-C9A7-4303-ACC9-FA998676145D}.Release|Any CPU.ActiveCfg = Release|Any CPU
		{B11B624B-C9A7-4303-ACC9-FA998676145D}.Release|Any CPU.Build.0 = Release|Any CPU
		{BB758482-DAA0-4C27-A2EC-93AF0A940EEA}.Debug|Any CPU.ActiveCfg = Debug|Any CPU
		{BB758482-DAA0-4C27-A2EC-93AF0A940EEA}.Debug|Any CPU.Build.0 = Debug|Any CPU
		{BB758482-DAA0-4C27-A2EC-93AF0A940EEA}.Release|Any CPU.ActiveCfg = Release|Any CPU
		{BB758482-DAA0-4C27-A2EC-93AF0A940EEA}.Release|Any CPU.Build.0 = Release|Any CPU
	EndGlobalSection
	GlobalSection(SolutionProperties) = preSolution
		HideSolutionNode = FALSE
	EndGlobalSection
	GlobalSection(NestedProjects) = preSolution
		{6E1A9F9D-D617-4EF3-BB74-6D2B284AC1E4} = {54E3E342-2526-43FA-8B7F-6A5A0C577AEE}
		{85730E27-B973-425D-98A1-E8FFED94C3C1} = {0FCE43CD-E9F6-4529-B463-89F164608425}
		{B11B624B-C9A7-4303-ACC9-FA998676145D} = {0FCE43CD-E9F6-4529-B463-89F164608425}
		{BB758482-DAA0-4C27-A2EC-93AF0A940EEA} = {5DEC3D84-64E5-4073-AA87-12DF5537894C}
	EndGlobalSection
EndGlobal
