
Microsoft Visual Studio Solution File, Format Version 12.00
# Visual Studio 14
VisualStudioVersion = 14.0.25420.1
MinimumVisualStudioVersion = 10.0.40219.1
Project("{2150E333-8FDC-42A3-9474-1A3956D46DE8}") = "Web", "Web", "{54E3E342-2526-43FA-8B7F-6A5A0C577AEE}"
EndProject
Project("{FAE04EC0-301F-11D3-BF4B-00C04F79EFBC}") = "FamousQuoteQuiz.Web", "FamousQuoteQuiz.Web\FamousQuoteQuiz.Web.csproj", "{6E1A9F9D-D617-4EF3-BB74-6D2B284AC1E4}"
EndProject
Global
	GlobalSection(SolutionConfigurationPlatforms) = preSolution
		Debug|Any CPU = Debug|Any CPU
		Release|Any CPU = Release|Any CPU
	EndGlobalSection
	GlobalSection(ProjectConfigurationPlatforms) = postSolution
		{6E1A9F9D-D617-4EF3-BB74-6D2B284AC1E4}.Debug|Any CPU.ActiveCfg = Debug|Any CPU
		{6E1A9F9D-D617-4EF3-BB74-6D2B284AC1E4}.Debug|Any CPU.Build.0 = Debug|Any CPU
		{6E1A9F9D-D617-4EF3-BB74-6D2B284AC1E4}.Release|Any CPU.ActiveCfg = Release|Any CPU
		{6E1A9F9D-D617-4EF3-BB74-6D2B284AC1E4}.Release|Any CPU.Build.0 = Release|Any CPU
	EndGlobalSection
	GlobalSection(SolutionProperties) = preSolution
		HideSolutionNode = FALSE
	EndGlobalSection
	GlobalSection(NestedProjects) = preSolution
		{6E1A9F9D-D617-4EF3-BB74-6D2B284AC1E4} = {54E3E342-2526-43FA-8B7F-6A5A0C577AEE}
	EndGlobalSection
EndGlobal
